PODS:
  - AppAuth (1.6.0):
    - AppAuth/Core (= 1.6.0)
    - AppAuth/ExternalUserAgent (= 1.6.0)
  - AppAuth/Core (1.6.0)
  - AppAuth/ExternalUserAgent (1.6.0):
    - AppAuth/Core
  - Base64 (1.1.2)
  - Bolts/Tasks (1.9.0)
  - boost-for-react-native (1.63.0)
  - BVLinearGradient (2.6.2):
    - React-Core
  - CodePush (7.0.1):
    - Base64 (~> 1.1)
    - JWT (~> 3.0.0-beta.12)
    - React-Core
    - SSZipArchive (~> 2.2.2)
  - DoubleConversion (1.1.6)
  - FBLazyVector (0.65.0)
  - FBReactNativeSpec (0.65.0):
    - RCT-Folly (= 2021.04.26.00)
    - RCTRequired (= 0.65.0)
    - RCTTypeSafety (= 0.65.0)
    - React-Core (= 0.65.0)
    - React-jsi (= 0.65.0)
    - ReactCommon/turbomodule/core (= 0.65.0)
  - Firebase/Auth (8.8.0):
    - Firebase/CoreOnly
    - FirebaseAuth (~> 8.8.0)
  - Firebase/CoreOnly (8.8.0):
    - FirebaseCore (= 8.8.0)
  - Firebase/Messaging (8.8.0):
    - Firebase/CoreOnly
    - FirebaseMessaging (~> 8.8.0)
  - FirebaseAuth (8.8.0):
    - FirebaseCore (~> 8.0)
    - GoogleUtilities/AppDelegateSwizzler (~> 7.4)
    - GoogleUtilities/Environment (~> 7.4)
    - GTMSessionFetcher/Core (~> 1.5)
  - FirebaseCore (8.8.0):
    - FirebaseCoreDiagnostics (~> 8.0)
    - GoogleUtilities/Environment (~> 7.4)
    - GoogleUtilities/Logger (~> 7.4)
  - FirebaseCoreDiagnostics (8.15.0):
    - GoogleDataTransport (~> 9.1)
    - GoogleUtilities/Environment (~> 7.7)
    - GoogleUtilities/Logger (~> 7.7)
    - nanopb (~> 2.30908.0)
  - FirebaseInstallations (8.15.0):
    - FirebaseCore (~> 8.0)
    - GoogleUtilities/Environment (~> 7.7)
    - GoogleUtilities/UserDefaults (~> 7.7)
    - PromisesObjC (< 3.0, >= 1.2)
  - FirebaseMessaging (8.8.0):
    - FirebaseCore (~> 8.0)
    - FirebaseInstallations (~> 8.0)
    - GoogleDataTransport (~> 9.0)
    - GoogleUtilities/AppDelegateSwizzler (~> 7.4)
    - GoogleUtilities/Environment (~> 7.4)
    - GoogleUtilities/Reachability (~> 7.4)
    - GoogleUtilities/UserDefaults (~> 7.4)
    - nanopb (~> 2.30908.0)
  - fmt (6.2.1)
  - glog (0.3.5)
  - GoogleDataTransport (9.2.0):
    - GoogleUtilities/Environment (~> 7.7)
    - nanopb (< 2.30910.0, >= 2.30908.0)
    - PromisesObjC (< 3.0, >= 1.2)
  - GoogleMLKit/BarcodeScanning (3.1.0):
    - GoogleMLKit/MLKitCore
    - MLKitBarcodeScanning (~> 2.1.0)
  - GoogleMLKit/MLKitCore (3.1.0):
    - MLKitCommon (~> 7.0.0)
  - GoogleSignIn (6.2.4):
    - AppAuth (~> 1.5)
    - GTMAppAuth (~> 1.3)
    - GTMSessionFetcher/Core (< 3.0, >= 1.1)
  - GoogleToolboxForMac/DebugUtils (2.3.2):
    - GoogleToolboxForMac/Defines (= 2.3.2)
  - GoogleToolboxForMac/Defines (2.3.2)
  - GoogleToolboxForMac/Logger (2.3.2):
    - GoogleToolboxForMac/Defines (= 2.3.2)
  - "GoogleToolboxForMac/NSData+zlib (2.3.2)":
    - GoogleToolboxForMac/Defines (= 2.3.2)
  - "GoogleToolboxForMac/NSDictionary+URLArguments (2.3.2)":
    - GoogleToolboxForMac/DebugUtils (= 2.3.2)
    - GoogleToolboxForMac/Defines (= 2.3.2)
    - "GoogleToolboxForMac/NSString+URLArguments (= 2.3.2)"
  - "GoogleToolboxForMac/NSString+URLArguments (2.3.2)"
  - GoogleUtilities/AppDelegateSwizzler (7.7.0):
    - GoogleUtilities/Environment
    - GoogleUtilities/Logger
    - GoogleUtilities/Network
  - GoogleUtilities/Environment (7.7.0):
    - PromisesObjC (< 3.0, >= 1.2)
  - GoogleUtilities/Logger (7.7.0):
    - GoogleUtilities/Environment
  - GoogleUtilities/Network (7.7.0):
    - GoogleUtilities/Logger
    - "GoogleUtilities/NSData+zlib"
    - GoogleUtilities/Reachability
  - "GoogleUtilities/NSData+zlib (7.7.0)"
  - GoogleUtilities/Reachability (7.7.0):
    - GoogleUtilities/Logger
  - GoogleUtilities/UserDefaults (7.7.0):
    - GoogleUtilities/Logger
  - GoogleUtilitiesComponents (1.1.0):
    - GoogleUtilities/Logger
  - GTMAppAuth (1.3.1):
    - AppAuth/Core (~> 1.6)
    - GTMSessionFetcher/Core (< 3.0, >= 1.5)
  - GTMSessionFetcher/Core (1.7.2)
  - JWT (3.0.0-beta.14):
    - Base64 (~> 1.1.2)
  - libwebp (1.2.1):
    - libwebp/demux (= 1.2.1)
    - libwebp/mux (= 1.2.1)
    - libwebp/webp (= 1.2.1)
  - libwebp/demux (1.2.1):
    - libwebp/webp
  - libwebp/mux (1.2.1):
    - libwebp/demux
  - libwebp/webp (1.2.1)
  - MLImage (1.0.0-beta3)
  - MLKitBarcodeScanning (2.1.0):
    - MLKitCommon (~> 7.0)
    - MLKitVision (~> 4.1)
  - MLKitCommon (7.0.0):
    - GoogleDataTransport (~> 9.0)
    - GoogleToolboxForMac/Logger (~> 2.1)
    - "GoogleToolboxForMac/NSData+zlib (~> 2.1)"
    - "GoogleToolboxForMac/NSDictionary+URLArguments (~> 2.1)"
    - GoogleUtilities/UserDefaults (~> 7.0)
    - GoogleUtilitiesComponents (~> 1.0)
    - GTMSessionFetcher/Core (~> 1.1)
    - Protobuf (~> 3.12)
  - MLKitVision (4.1.0):
    - GoogleToolboxForMac/Logger (~> 2.1)
    - "GoogleToolboxForMac/NSData+zlib (~> 2.1)"
    - GTMSessionFetcher/Core (~> 1.1)
    - MLImage (= 1.0.0-beta3)
    - MLKitCommon (~> 7.0)
    - Protobuf (~> 3.12)
  - nanopb (2.30908.0):
    - nanopb/decode (= 2.30908.0)
    - nanopb/encode (= 2.30908.0)
  - nanopb/decode (2.30908.0)
  - nanopb/encode (2.30908.0)
  - Permission-AppTrackingTransparency (3.0.5):
    - RNPermissions
  - Permission-BluetoothPeripheral (3.0.5):
    - RNPermissions
  - Permission-Calendars (3.0.5):
    - RNPermissions
  - Permission-Camera (3.0.5):
    - RNPermissions
  - Permission-Contacts (3.0.5):
    - RNPermissions
  - Permission-FaceID (3.0.5):
    - RNPermissions
  - Permission-LocationAccuracy (3.0.5):
    - RNPermissions
  - Permission-LocationAlways (3.0.5):
    - RNPermissions
  - Permission-LocationWhenInUse (3.0.5):
    - RNPermissions
  - Permission-MediaLibrary (3.0.5):
    - RNPermissions
  - Permission-Microphone (3.0.5):
    - RNPermissions
  - Permission-Motion (3.0.5):
    - RNPermissions
  - Permission-Notifications (3.0.5):
    - RNPermissions
  - Permission-PhotoLibrary (3.0.5):
    - RNPermissions
  - Permission-PhotoLibraryAddOnly (3.0.5):
    - RNPermissions
  - Permission-Reminders (3.0.5):
    - RNPermissions
  - Permission-Siri (3.0.5):
    - RNPermissions
  - Permission-SpeechRecognition (3.0.5):
    - RNPermissions
  - Permission-StoreKit (3.0.5):
    - RNPermissions
  - PromisesObjC (2.1.1)
  - Protobuf (3.21.4)
  - RCT-Folly (2021.04.26.00):
    - boost-for-react-native
    - DoubleConversion
    - fmt (~> 6.2.1)
    - glog
    - RCT-Folly/Default (= 2021.04.26.00)
  - RCT-Folly/Default (2021.04.26.00):
    - boost-for-react-native
    - DoubleConversion
    - fmt (~> 6.2.1)
    - glog
  - RCTRequired (0.65.0)
  - RCTTypeSafety (0.65.0):
    - FBLazyVector (= 0.65.0)
    - RCT-Folly (= 2021.04.26.00)
    - RCTRequired (= 0.65.0)
    - React-Core (= 0.65.0)
  - React (0.65.0):
    - React-Core (= 0.65.0)
    - React-Core/DevSupport (= 0.65.0)
    - React-Core/RCTWebSocket (= 0.65.0)
    - React-RCTActionSheet (= 0.65.0)
    - React-RCTAnimation (= 0.65.0)
    - React-RCTBlob (= 0.65.0)
    - React-RCTImage (= 0.65.0)
    - React-RCTLinking (= 0.65.0)
    - React-RCTNetwork (= 0.65.0)
    - React-RCTSettings (= 0.65.0)
    - React-RCTText (= 0.65.0)
    - React-RCTVibration (= 0.65.0)
  - React-callinvoker (0.65.0)
  - React-Core (0.65.0):
    - glog
    - RCT-Folly (= 2021.04.26.00)
    - React-Core/Default (= 0.65.0)
    - React-cxxreact (= 0.65.0)
    - React-jsi (= 0.65.0)
    - React-jsiexecutor (= 0.65.0)
    - React-perflogger (= 0.65.0)
    - Yoga
  - React-Core/CoreModulesHeaders (0.65.0):
    - glog
    - RCT-Folly (= 2021.04.26.00)
    - React-Core/Default
    - React-cxxreact (= 0.65.0)
    - React-jsi (= 0.65.0)
    - React-jsiexecutor (= 0.65.0)
    - React-perflogger (= 0.65.0)
    - Yoga
  - React-Core/Default (0.65.0):
    - glog
    - RCT-Folly (= 2021.04.26.00)
    - React-cxxreact (= 0.65.0)
    - React-jsi (= 0.65.0)
    - React-jsiexecutor (= 0.65.0)
    - React-perflogger (= 0.65.0)
    - Yoga
  - React-Core/DevSupport (0.65.0):
    - glog
    - RCT-Folly (= 2021.04.26.00)
    - React-Core/Default (= 0.65.0)
    - React-Core/RCTWebSocket (= 0.65.0)
    - React-cxxreact (= 0.65.0)
    - React-jsi (= 0.65.0)
    - React-jsiexecutor (= 0.65.0)
    - React-jsinspector (= 0.65.0)
    - React-perflogger (= 0.65.0)
    - Yoga
  - React-Core/RCTActionSheetHeaders (0.65.0):
    - glog
    - RCT-Folly (= 2021.04.26.00)
    - React-Core/Default
    - React-cxxreact (= 0.65.0)
    - React-jsi (= 0.65.0)
    - React-jsiexecutor (= 0.65.0)
    - React-perflogger (= 0.65.0)
    - Yoga
  - React-Core/RCTAnimationHeaders (0.65.0):
    - glog
    - RCT-Folly (= 2021.04.26.00)
    - React-Core/Default
    - React-cxxreact (= 0.65.0)
    - React-jsi (= 0.65.0)
    - React-jsiexecutor (= 0.65.0)
    - React-perflogger (= 0.65.0)
    - Yoga
  - React-Core/RCTBlobHeaders (0.65.0):
    - glog
    - RCT-Folly (= 2021.04.26.00)
    - React-Core/Default
    - React-cxxreact (= 0.65.0)
    - React-jsi (= 0.65.0)
    - React-jsiexecutor (= 0.65.0)
    - React-perflogger (= 0.65.0)
    - Yoga
  - React-Core/RCTImageHeaders (0.65.0):
    - glog
    - RCT-Folly (= 2021.04.26.00)
    - React-Core/Default
    - React-cxxreact (= 0.65.0)
    - React-jsi (= 0.65.0)
    - React-jsiexecutor (= 0.65.0)
    - React-perflogger (= 0.65.0)
    - Yoga
  - React-Core/RCTLinkingHeaders (0.65.0):
    - glog
    - RCT-Folly (= 2021.04.26.00)
    - React-Core/Default
    - React-cxxreact (= 0.65.0)
    - React-jsi (= 0.65.0)
    - React-jsiexecutor (= 0.65.0)
    - React-perflogger (= 0.65.0)
    - Yoga
  - React-Core/RCTNetworkHeaders (0.65.0):
    - glog
    - RCT-Folly (= 2021.04.26.00)
    - React-Core/Default
    - React-cxxreact (= 0.65.0)
    - React-jsi (= 0.65.0)
    - React-jsiexecutor (= 0.65.0)
    - React-perflogger (= 0.65.0)
    - Yoga
  - React-Core/RCTSettingsHeaders (0.65.0):
    - glog
    - RCT-Folly (= 2021.04.26.00)
    - React-Core/Default
    - React-cxxreact (= 0.65.0)
    - React-jsi (= 0.65.0)
    - React-jsiexecutor (= 0.65.0)
    - React-perflogger (= 0.65.0)
    - Yoga
  - React-Core/RCTTextHeaders (0.65.0):
    - glog
    - RCT-Folly (= 2021.04.26.00)
    - React-Core/Default
    - React-cxxreact (= 0.65.0)
    - React-jsi (= 0.65.0)
    - React-jsiexecutor (= 0.65.0)
    - React-perflogger (= 0.65.0)
    - Yoga
  - React-Core/RCTVibrationHeaders (0.65.0):
    - glog
    - RCT-Folly (= 2021.04.26.00)
    - React-Core/Default
    - React-cxxreact (= 0.65.0)
    - React-jsi (= 0.65.0)
    - React-jsiexecutor (= 0.65.0)
    - React-perflogger (= 0.65.0)
    - Yoga
  - React-Core/RCTWebSocket (0.65.0):
    - glog
    - RCT-Folly (= 2021.04.26.00)
    - React-Core/Default (= 0.65.0)
    - React-cxxreact (= 0.65.0)
    - React-jsi (= 0.65.0)
    - React-jsiexecutor (= 0.65.0)
    - React-perflogger (= 0.65.0)
    - Yoga
  - React-CoreModules (0.65.0):
    - FBReactNativeSpec (= 0.65.0)
    - RCT-Folly (= 2021.04.26.00)
    - RCTTypeSafety (= 0.65.0)
    - React-Core/CoreModulesHeaders (= 0.65.0)
    - React-jsi (= 0.65.0)
    - React-RCTImage (= 0.65.0)
    - ReactCommon/turbomodule/core (= 0.65.0)
  - React-cxxreact (0.65.0):
    - boost-for-react-native (= 1.63.0)
    - DoubleConversion
    - glog
    - RCT-Folly (= 2021.04.26.00)
    - React-callinvoker (= 0.65.0)
    - React-jsi (= 0.65.0)
    - React-jsinspector (= 0.65.0)
    - React-perflogger (= 0.65.0)
    - React-runtimeexecutor (= 0.65.0)
  - React-jsi (0.65.0):
    - boost-for-react-native (= 1.63.0)
    - DoubleConversion
    - glog
    - RCT-Folly (= 2021.04.26.00)
    - React-jsi/Default (= 0.65.0)
  - React-jsi/Default (0.65.0):
    - boost-for-react-native (= 1.63.0)
    - DoubleConversion
    - glog
    - RCT-Folly (= 2021.04.26.00)
  - React-jsiexecutor (0.65.0):
    - DoubleConversion
    - glog
    - RCT-Folly (= 2021.04.26.00)
    - React-cxxreact (= 0.65.0)
    - React-jsi (= 0.65.0)
    - React-perflogger (= 0.65.0)
  - React-jsinspector (0.65.0)
  - react-native-camera (4.0.3):
    - React-Core
    - react-native-camera/RCT (= 4.0.3)
    - react-native-camera/RN (= 4.0.3)
  - react-native-camera/BarcodeDetectorMLKit (4.0.3):
    - GoogleMLKit/BarcodeScanning
    - React-Core
    - react-native-camera/RCT
    - react-native-camera/RN
  - react-native-camera/RCT (4.0.3):
    - React-Core
  - react-native-camera/RN (4.0.3):
    - React-Core
  - react-native-geolocation (2.0.2):
    - React
  - react-native-geolocation-service (5.3.0-beta.2):
    - React
  - react-native-html-to-pdf (0.12.0):
    - React-Core
  - react-native-image-filter-kit (0.8.0):
    - Bolts/Tasks (= 1.9.0)
    - React
  - react-native-netinfo (6.0.0):
    - React-Core
  - react-native-notification-badge (1.0.5):
    - React
  - react-native-pager-view (5.4.4):
    - React-Core
  - react-native-safe-area-context (3.3.0):
    - React-Core
  - react-native-splash-screen (3.2.0):
    - React
  - react-native-webview (11.13.0):
    - React-Core
  - React-perflogger (0.65.0)
  - React-RCTActionSheet (0.65.0):
    - React-Core/RCTActionSheetHeaders (= 0.65.0)
  - React-RCTAnimation (0.65.0):
    - FBReactNativeSpec (= 0.65.0)
    - RCT-Folly (= 2021.04.26.00)
    - RCTTypeSafety (= 0.65.0)
    - React-Core/RCTAnimationHeaders (= 0.65.0)
    - React-jsi (= 0.65.0)
    - ReactCommon/turbomodule/core (= 0.65.0)
  - React-RCTBlob (0.65.0):
    - FBReactNativeSpec (= 0.65.0)
    - RCT-Folly (= 2021.04.26.00)
    - React-Core/RCTBlobHeaders (= 0.65.0)
    - React-Core/RCTWebSocket (= 0.65.0)
    - React-jsi (= 0.65.0)
    - React-RCTNetwork (= 0.65.0)
    - ReactCommon/turbomodule/core (= 0.65.0)
  - React-RCTImage (0.65.0):
    - FBReactNativeSpec (= 0.65.0)
    - RCT-Folly (= 2021.04.26.00)
    - RCTTypeSafety (= 0.65.0)
    - React-Core/RCTImageHeaders (= 0.65.0)
    - React-jsi (= 0.65.0)
    - React-RCTNetwork (= 0.65.0)
    - ReactCommon/turbomodule/core (= 0.65.0)
  - React-RCTLinking (0.65.0):
    - FBReactNativeSpec (= 0.65.0)
    - React-Core/RCTLinkingHeaders (= 0.65.0)
    - React-jsi (= 0.65.0)
    - ReactCommon/turbomodule/core (= 0.65.0)
  - React-RCTNetwork (0.65.0):
    - FBReactNativeSpec (= 0.65.0)
    - RCT-Folly (= 2021.04.26.00)
    - RCTTypeSafety (= 0.65.0)
    - React-Core/RCTNetworkHeaders (= 0.65.0)
    - React-jsi (= 0.65.0)
    - ReactCommon/turbomodule/core (= 0.65.0)
  - React-RCTSettings (0.65.0):
    - FBReactNativeSpec (= 0.65.0)
    - RCT-Folly (= 2021.04.26.00)
    - RCTTypeSafety (= 0.65.0)
    - React-Core/RCTSettingsHeaders (= 0.65.0)
    - React-jsi (= 0.65.0)
    - ReactCommon/turbomodule/core (= 0.65.0)
  - React-RCTText (0.65.0):
    - React-Core/RCTTextHeaders (= 0.65.0)
  - React-RCTVibration (0.65.0):
    - FBReactNativeSpec (= 0.65.0)
    - RCT-Folly (= 2021.04.26.00)
    - React-Core/RCTVibrationHeaders (= 0.65.0)
    - React-jsi (= 0.65.0)
    - ReactCommon/turbomodule/core (= 0.65.0)
  - React-runtimeexecutor (0.65.0):
    - React-jsi (= 0.65.0)
  - ReactCommon/turbomodule/core (0.65.0):
    - DoubleConversion
    - glog
    - RCT-Folly (= 2021.04.26.00)
    - React-callinvoker (= 0.65.0)
    - React-Core (= 0.65.0)
    - React-cxxreact (= 0.65.0)
    - React-jsi (= 0.65.0)
    - React-perflogger (= 0.65.0)
  - ReactNativeART (1.2.0):
    - React
  - RNCAsyncStorage (1.12.1):
    - React-Core
  - RNCClipboard (1.5.1):
    - React-Core
  - RNCMaskedView (0.1.11):
    - React
  - RNCPicker (2.1.0):
    - React-Core
  - RNDateTimePicker (3.5.2):
    - React-Core
  - RNDeviceInfo (8.3.3):
    - React-Core
  - RNDynamicAppIcon (1.1.0):
    - React
  - RNFastImage (8.3.7):
    - React-Core
    - SDWebImage (~> 5.8)
    - SDWebImageWebPCoder (~> 0.6.1)
  - RNFBApp (12.9.3):
    - Firebase/CoreOnly (= 8.8.0)
    - React-Core
  - RNFBAuth (15.2.0):
    - Firebase/Auth (= 8.8.0)
    - React-Core
    - RNFBApp
  - RNFBMessaging (12.9.3):
    - Firebase/Messaging (= 8.8.0)
    - React-Core
    - RNFBApp
  - RNGestureHandler (2.6.0):
    - React-Core
  - RNGoogleSignin (8.0.0):
    - GoogleSignIn (~> 6.2.2)
    - React-Core
  - RNImageCropPicker (0.38.0):
    - React-Core
    - React-RCTImage
    - RNImageCropPicker/QBImagePickerController (= 0.38.0)
    - TOCropViewController
  - RNImageCropPicker/QBImagePickerController (0.38.0):
    - React-Core
    - React-RCTImage
    - TOCropViewController
  - RNKeychain (8.0.0):
    - React-Core
  - RNPermissions (3.0.5):
    - React-Core
  - RNReanimated (2.9.1):
    - DoubleConversion
    - FBLazyVector
    - FBReactNativeSpec
    - glog
    - RCT-Folly
    - RCTRequired
    - RCTTypeSafety
    - React-callinvoker
    - React-Core
    - React-Core/DevSupport
    - React-Core/RCTWebSocket
    - React-CoreModules
    - React-cxxreact
    - React-jsi
    - React-jsiexecutor
    - React-jsinspector
    - React-RCTActionSheet
    - React-RCTAnimation
    - React-RCTBlob
    - React-RCTImage
    - React-RCTLinking
    - React-RCTNetwork
    - React-RCTSettings
    - React-RCTText
    - ReactCommon/turbomodule/core
    - Yoga
  - RNScreens (3.5.0):
    - React-Core
    - React-RCTImage
  - RNSVG (12.4.0):
    - React-Core
  - SDWebImage (5.13.2):
    - SDWebImage/Core (= 5.13.2)
  - SDWebImage/Core (5.13.2)
  - SDWebImageWebPCoder (0.6.1):
    - libwebp (~> 1.0)
    - SDWebImage/Core (~> 5.7)
  - SSZipArchive (2.2.3)
  - TOCropViewController (2.6.1)
  - Yoga (1.14.0)

DEPENDENCIES:
  - BVLinearGradient (from `../node_modules/react-native-linear-gradient`)
  - CodePush (from `../node_modules/react-native-code-push`)
  - DoubleConversion (from `../node_modules/react-native/third-party-podspecs/DoubleConversion.podspec`)
  - FBLazyVector (from `../node_modules/react-native/Libraries/FBLazyVector`)
  - FBReactNativeSpec (from `../node_modules/react-native/React/FBReactNativeSpec`)
  - glog (from `../node_modules/react-native/third-party-podspecs/glog.podspec`)
  - Permission-AppTrackingTransparency (from `../node_modules/react-native-permissions/ios/AppTrackingTransparency`)
  - Permission-BluetoothPeripheral (from `../node_modules/react-native-permissions/ios/BluetoothPeripheral`)
  - Permission-Calendars (from `../node_modules/react-native-permissions/ios/Calendars`)
  - Permission-Camera (from `../node_modules/react-native-permissions/ios/Camera`)
  - Permission-Contacts (from `../node_modules/react-native-permissions/ios/Contacts`)
  - Permission-FaceID (from `../node_modules/react-native-permissions/ios/FaceID`)
  - Permission-LocationAccuracy (from `../node_modules/react-native-permissions/ios/LocationAccuracy`)
  - Permission-LocationAlways (from `../node_modules/react-native-permissions/ios/LocationAlways`)
  - Permission-LocationWhenInUse (from `../node_modules/react-native-permissions/ios/LocationWhenInUse`)
  - Permission-MediaLibrary (from `../node_modules/react-native-permissions/ios/MediaLibrary`)
  - Permission-Microphone (from `../node_modules/react-native-permissions/ios/Microphone`)
  - Permission-Motion (from `../node_modules/react-native-permissions/ios/Motion`)
  - Permission-Notifications (from `../node_modules/react-native-permissions/ios/Notifications`)
  - Permission-PhotoLibrary (from `../node_modules/react-native-permissions/ios/PhotoLibrary`)
  - Permission-PhotoLibraryAddOnly (from `../node_modules/react-native-permissions/ios/PhotoLibraryAddOnly`)
  - Permission-Reminders (from `../node_modules/react-native-permissions/ios/Reminders`)
  - Permission-Siri (from `../node_modules/react-native-permissions/ios/Siri`)
  - Permission-SpeechRecognition (from `../node_modules/react-native-permissions/ios/SpeechRecognition`)
  - Permission-StoreKit (from `../node_modules/react-native-permissions/ios/StoreKit`)
  - RCT-Folly (from `../node_modules/react-native/third-party-podspecs/RCT-Folly.podspec`)
  - RCTRequired (from `../node_modules/react-native/Libraries/RCTRequired`)
  - RCTTypeSafety (from `../node_modules/react-native/Libraries/TypeSafety`)
  - React (from `../node_modules/react-native/`)
  - React-callinvoker (from `../node_modules/react-native/ReactCommon/callinvoker`)
  - React-Core (from `../node_modules/react-native/`)
  - React-Core/DevSupport (from `../node_modules/react-native/`)
  - React-Core/RCTWebSocket (from `../node_modules/react-native/`)
  - React-CoreModules (from `../node_modules/react-native/React/CoreModules`)
  - React-cxxreact (from `../node_modules/react-native/ReactCommon/cxxreact`)
  - React-jsi (from `../node_modules/react-native/ReactCommon/jsi`)
  - React-jsiexecutor (from `../node_modules/react-native/ReactCommon/jsiexecutor`)
  - React-jsinspector (from `../node_modules/react-native/ReactCommon/jsinspector`)
  - react-native-camera (from `../node_modules/react-native-camera`)
  - react-native-camera/BarcodeDetectorMLKit (from `../node_modules/react-native-camera`)
  - "react-native-geolocation (from `../node_modules/@react-native-community/geolocation`)"
  - react-native-geolocation-service (from `../node_modules/react-native-geolocation-service`)
  - react-native-html-to-pdf (from `../node_modules/react-native-html-to-pdf`)
  - react-native-image-filter-kit (from `../node_modules/react-native-image-filter-kit`)
  - "react-native-netinfo (from `../node_modules/@react-native-community/netinfo`)"
  - react-native-notification-badge (from `../node_modules/react-native-notification-badge`)
  - react-native-pager-view (from `../node_modules/react-native-pager-view`)
  - react-native-safe-area-context (from `../node_modules/react-native-safe-area-context`)
  - react-native-splash-screen (from `../node_modules/react-native-splash-screen`)
  - react-native-webview (from `../node_modules/react-native-webview`)
  - React-perflogger (from `../node_modules/react-native/ReactCommon/reactperflogger`)
  - React-RCTActionSheet (from `../node_modules/react-native/Libraries/ActionSheetIOS`)
  - React-RCTAnimation (from `../node_modules/react-native/Libraries/NativeAnimation`)
  - React-RCTBlob (from `../node_modules/react-native/Libraries/Blob`)
  - React-RCTImage (from `../node_modules/react-native/Libraries/Image`)
  - React-RCTLinking (from `../node_modules/react-native/Libraries/LinkingIOS`)
  - React-RCTNetwork (from `../node_modules/react-native/Libraries/Network`)
  - React-RCTSettings (from `../node_modules/react-native/Libraries/Settings`)
  - React-RCTText (from `../node_modules/react-native/Libraries/Text`)
  - React-RCTVibration (from `../node_modules/react-native/Libraries/Vibration`)
  - React-runtimeexecutor (from `../node_modules/react-native/ReactCommon/runtimeexecutor`)
  - ReactCommon/turbomodule/core (from `../node_modules/react-native/ReactCommon`)
  - "ReactNativeART (from `../node_modules/@react-native-community/art`)"
  - "RNCAsyncStorage (from `../node_modules/@react-native-community/async-storage`)"
  - "RNCClipboard (from `../node_modules/@react-native-community/clipboard`)"
  - "RNCMaskedView (from `../node_modules/@react-native-community/masked-view`)"
  - "RNCPicker (from `../node_modules/@react-native-picker/picker`)"
  - "RNDateTimePicker (from `../node_modules/@react-native-community/datetimepicker`)"
  - RNDeviceInfo (from `../node_modules/react-native-device-info`)
  - RNDynamicAppIcon (from `../node_modules/react-native-dynamic-app-icon`)
  - RNFastImage (from `../node_modules/react-native-fast-image`)
  - "RNFBApp (from `../node_modules/@react-native-firebase/app`)"
  - "RNFBAuth (from `../node_modules/@react-native-firebase/auth`)"
  - "RNFBMessaging (from `../node_modules/@react-native-firebase/messaging`)"
  - RNGestureHandler (from `../node_modules/react-native-gesture-handler`)
  - "RNGoogleSignin (from `../node_modules/@react-native-google-signin/google-signin`)"
  - RNImageCropPicker (from `../node_modules/react-native-image-crop-picker`)
  - RNKeychain (from `../node_modules/react-native-keychain`)
  - RNPermissions (from `../node_modules/react-native-permissions`)
  - RNReanimated (from `../node_modules/react-native-reanimated`)
  - RNScreens (from `../node_modules/react-native-screens`)
  - RNSVG (from `../node_modules/react-native-svg`)
  - Yoga (from `../node_modules/react-native/ReactCommon/yoga`)

SPEC REPOS:
  trunk:
    - AppAuth
    - Base64
    - Bolts
    - boost-for-react-native
    - Firebase
    - FirebaseAuth
    - FirebaseCore
    - FirebaseCoreDiagnostics
    - FirebaseInstallations
    - FirebaseMessaging
    - fmt
    - GoogleDataTransport
    - GoogleMLKit
    - GoogleSignIn
    - GoogleToolboxForMac
    - GoogleUtilities
    - GoogleUtilitiesComponents
    - GTMAppAuth
    - GTMSessionFetcher
    - JWT
    - libwebp
    - MLImage
    - MLKitBarcodeScanning
    - MLKitCommon
    - MLKitVision
    - nanopb
    - PromisesObjC
    - Protobuf
    - SDWebImage
    - SDWebImageWebPCoder
    - SSZipArchive
    - TOCropViewController

EXTERNAL SOURCES:
  BVLinearGradient:
    :path: "../node_modules/react-native-linear-gradient"
  CodePush:
    :path: "../node_modules/react-native-code-push"
  DoubleConversion:
    :podspec: "../node_modules/react-native/third-party-podspecs/DoubleConversion.podspec"
  FBLazyVector:
    :path: "../node_modules/react-native/Libraries/FBLazyVector"
  FBReactNativeSpec:
    :path: "../node_modules/react-native/React/FBReactNativeSpec"
  glog:
    :podspec: "../node_modules/react-native/third-party-podspecs/glog.podspec"
  Permission-AppTrackingTransparency:
    :path: "../node_modules/react-native-permissions/ios/AppTrackingTransparency"
  Permission-BluetoothPeripheral:
    :path: "../node_modules/react-native-permissions/ios/BluetoothPeripheral"
  Permission-Calendars:
    :path: "../node_modules/react-native-permissions/ios/Calendars"
  Permission-Camera:
    :path: "../node_modules/react-native-permissions/ios/Camera"
  Permission-Contacts:
    :path: "../node_modules/react-native-permissions/ios/Contacts"
  Permission-FaceID:
    :path: "../node_modules/react-native-permissions/ios/FaceID"
  Permission-LocationAccuracy:
    :path: "../node_modules/react-native-permissions/ios/LocationAccuracy"
  Permission-LocationAlways:
    :path: "../node_modules/react-native-permissions/ios/LocationAlways"
  Permission-LocationWhenInUse:
    :path: "../node_modules/react-native-permissions/ios/LocationWhenInUse"
  Permission-MediaLibrary:
    :path: "../node_modules/react-native-permissions/ios/MediaLibrary"
  Permission-Microphone:
    :path: "../node_modules/react-native-permissions/ios/Microphone"
  Permission-Motion:
    :path: "../node_modules/react-native-permissions/ios/Motion"
  Permission-Notifications:
    :path: "../node_modules/react-native-permissions/ios/Notifications"
  Permission-PhotoLibrary:
    :path: "../node_modules/react-native-permissions/ios/PhotoLibrary"
  Permission-PhotoLibraryAddOnly:
    :path: "../node_modules/react-native-permissions/ios/PhotoLibraryAddOnly"
  Permission-Reminders:
    :path: "../node_modules/react-native-permissions/ios/Reminders"
  Permission-Siri:
    :path: "../node_modules/react-native-permissions/ios/Siri"
  Permission-SpeechRecognition:
    :path: "../node_modules/react-native-permissions/ios/SpeechRecognition"
  Permission-StoreKit:
    :path: "../node_modules/react-native-permissions/ios/StoreKit"
  RCT-Folly:
    :podspec: "../node_modules/react-native/third-party-podspecs/RCT-Folly.podspec"
  RCTRequired:
    :path: "../node_modules/react-native/Libraries/RCTRequired"
  RCTTypeSafety:
    :path: "../node_modules/react-native/Libraries/TypeSafety"
  React:
    :path: "../node_modules/react-native/"
  React-callinvoker:
    :path: "../node_modules/react-native/ReactCommon/callinvoker"
  React-Core:
    :path: "../node_modules/react-native/"
  React-CoreModules:
    :path: "../node_modules/react-native/React/CoreModules"
  React-cxxreact:
    :path: "../node_modules/react-native/ReactCommon/cxxreact"
  React-jsi:
    :path: "../node_modules/react-native/ReactCommon/jsi"
  React-jsiexecutor:
    :path: "../node_modules/react-native/ReactCommon/jsiexecutor"
  React-jsinspector:
    :path: "../node_modules/react-native/ReactCommon/jsinspector"
  react-native-camera:
    :path: "../node_modules/react-native-camera"
  react-native-geolocation:
    :path: "../node_modules/@react-native-community/geolocation"
  react-native-geolocation-service:
    :path: "../node_modules/react-native-geolocation-service"
  react-native-html-to-pdf:
    :path: "../node_modules/react-native-html-to-pdf"
  react-native-image-filter-kit:
    :path: "../node_modules/react-native-image-filter-kit"
  react-native-netinfo:
    :path: "../node_modules/@react-native-community/netinfo"
  react-native-notification-badge:
    :path: "../node_modules/react-native-notification-badge"
  react-native-pager-view:
    :path: "../node_modules/react-native-pager-view"
  react-native-safe-area-context:
    :path: "../node_modules/react-native-safe-area-context"
  react-native-splash-screen:
    :path: "../node_modules/react-native-splash-screen"
  react-native-webview:
    :path: "../node_modules/react-native-webview"
  React-perflogger:
    :path: "../node_modules/react-native/ReactCommon/reactperflogger"
  React-RCTActionSheet:
    :path: "../node_modules/react-native/Libraries/ActionSheetIOS"
  React-RCTAnimation:
    :path: "../node_modules/react-native/Libraries/NativeAnimation"
  React-RCTBlob:
    :path: "../node_modules/react-native/Libraries/Blob"
  React-RCTImage:
    :path: "../node_modules/react-native/Libraries/Image"
  React-RCTLinking:
    :path: "../node_modules/react-native/Libraries/LinkingIOS"
  React-RCTNetwork:
    :path: "../node_modules/react-native/Libraries/Network"
  React-RCTSettings:
    :path: "../node_modules/react-native/Libraries/Settings"
  React-RCTText:
    :path: "../node_modules/react-native/Libraries/Text"
  React-RCTVibration:
    :path: "../node_modules/react-native/Libraries/Vibration"
  React-runtimeexecutor:
    :path: "../node_modules/react-native/ReactCommon/runtimeexecutor"
  ReactCommon:
    :path: "../node_modules/react-native/ReactCommon"
  ReactNativeART:
    :path: "../node_modules/@react-native-community/art"
  RNCAsyncStorage:
    :path: "../node_modules/@react-native-community/async-storage"
  RNCClipboard:
    :path: "../node_modules/@react-native-community/clipboard"
  RNCMaskedView:
    :path: "../node_modules/@react-native-community/masked-view"
  RNCPicker:
    :path: "../node_modules/@react-native-picker/picker"
  RNDateTimePicker:
    :path: "../node_modules/@react-native-community/datetimepicker"
  RNDeviceInfo:
    :path: "../node_modules/react-native-device-info"
  RNDynamicAppIcon:
    :path: "../node_modules/react-native-dynamic-app-icon"
  RNFastImage:
    :path: "../node_modules/react-native-fast-image"
  RNFBApp:
    :path: "../node_modules/@react-native-firebase/app"
  RNFBAuth:
    :path: "../node_modules/@react-native-firebase/auth"
  RNFBMessaging:
    :path: "../node_modules/@react-native-firebase/messaging"
  RNGestureHandler:
    :path: "../node_modules/react-native-gesture-handler"
  RNGoogleSignin:
    :path: "../node_modules/@react-native-google-signin/google-signin"
  RNImageCropPicker:
    :path: "../node_modules/react-native-image-crop-picker"
  RNKeychain:
    :path: "../node_modules/react-native-keychain"
  RNPermissions:
    :path: "../node_modules/react-native-permissions"
  RNReanimated:
    :path: "../node_modules/react-native-reanimated"
  RNScreens:
    :path: "../node_modules/react-native-screens"
  RNSVG:
    :path: "../node_modules/react-native-svg"
  Yoga:
    :path: "../node_modules/react-native/ReactCommon/yoga"

SPEC CHECKSUMS:
  AppAuth: 8fca6b5563a5baef2c04bee27538025e4ceb2add
  Base64: cecfb41a004124895a7bcee567a89bae5a89d49b
  Bolts: ac6567323eac61e203f6a9763667d0f711be34c8
  boost-for-react-native: 39c7adb57c4e60d6c5479dd8623128eb5b3f0f2c
  BVLinearGradient: 34a999fda29036898a09c6a6b728b0b4189e1a44
  CodePush: 9bb93f52a44ee80b72739d89dead9c7e86c3bd3a
  DoubleConversion: 831926d9b8bf8166fd87886c4abab286c2422662
  FBLazyVector: 55f5afbbb8f5021a000c3d9289820d17cbc541b3
  FBReactNativeSpec: c2d85d69490fc5666bc4123dff3b9b72db06a987
  Firebase: 629510f1a9ddb235f3a7c5c8ceb23ba887f0f814
  FirebaseAuth: bcf0adeff88bda5dcb3beeabe5760f1226ab7b2f
  FirebaseCore: 98b29e3828f0a53651c363937a7f7d92a19f1ba2
  FirebaseCoreDiagnostics: 92e07a649aeb66352b319d43bdd2ee3942af84cb
  FirebaseInstallations: 40bd9054049b2eae9a2c38ef1c3dd213df3605cd
  FirebaseMessaging: 419b5c9d84f294a753c6501d8cfb9ced1ce37304
  fmt: ff9d55029c625d3757ed641535fd4a75fedc7ce9
  glog: 5337263514dd6f09803962437687240c5dc39aa4
  GoogleDataTransport: 1c8145da7117bd68bbbed00cf304edb6a24de00f
  GoogleMLKit: 9d072522949ff0ef4dae5359feaf3db2ef2fa658
  GoogleSignIn: 5651ce3a61e56ca864160e79b484cd9ed3f49b7a
  GoogleToolboxForMac: 8bef7c7c5cf7291c687cf5354f39f9db6399ad34
  GoogleUtilities: e0913149f6b0625b553d70dae12b49fc62914fd1
  GoogleUtilitiesComponents: 679b2c881db3b615a2777504623df6122dd20afe
  GTMAppAuth: 0ff230db599948a9ad7470ca667337803b3fc4dd
  GTMSessionFetcher: 5595ec75acf5be50814f81e9189490412bad82ba
  JWT: ef71dfb03e1f842081e64dc42eef0e164f35d251
  libwebp: 98a37e597e40bfdb4c911fc98f2c53d0b12d05fc
  MLImage: 489dfec109f21da8621b28d476401aaf7a0d4ff4
  MLKitBarcodeScanning: 74f43c38f3f85b3f3f332006b20a1a22f404256c
  MLKitCommon: 20f4aca0ec2bb37cef2b9c211b50586817bac5d3
  MLKitVision: 639a171d937241f3fcf92bc1b3ef8f179f49916c
  nanopb: a0ba3315591a9ae0a16a309ee504766e90db0c96
  Permission-AppTrackingTransparency: ed3a54759541929d0a81a75b04a3559af5b2a738
  Permission-BluetoothPeripheral: deb3e2052364da825f8516d200c40f066b5ff421
  Permission-Calendars: 7524e233f7cec0c95b7e40f8cf017383183e9289
  Permission-Camera: ac603073e4128e51e6ca3c39129778f05b4082fa
  Permission-Contacts: 4bd4bdbbcec21ce0175e02cc4925070a773204cf
  Permission-FaceID: 9b1f0d42ee7aa2c830844964e739676fe6b634bd
  Permission-LocationAccuracy: c008fa8c4a90fcb6e33f465c2a8684e92d93b794
  Permission-LocationAlways: 0704c3bcce11f98f8d6ddf34c49c65893ec64b09
  Permission-LocationWhenInUse: e1168a583654f1d2d34d3a18c4c6518ce409ad2a
  Permission-MediaLibrary: ca07553882f0533f67739cdea7486c369b6556f0
  Permission-Microphone: f795f37089f6de4c71ae147b32770a5ebfdee08c
  Permission-Motion: ea8c247adbe0aaf0d82027014d6d67b629000512
  Permission-Notifications: 16ccd862111103378a7bab9fb1c5c71addffc348
  Permission-PhotoLibrary: 0748c1a490fad126dfe36dbea8234dedfe59cc27
  Permission-PhotoLibraryAddOnly: 224d33cea3c2f1f8982a2a4e343c0726fba3acf9
  Permission-Reminders: 26a287d1ac29db33c237af7dfbc2f3e786a58896
  Permission-Siri: 01083b1ef6964b961e74e6693a727f1c37a42272
  Permission-SpeechRecognition: fb67f19ecfd3de245833d2c1fc0ba00278f90cac
  Permission-StoreKit: cf0ca74fec91ecf132cfb92257e06371160cb464
  PromisesObjC: ab77feca74fa2823e7af4249b8326368e61014cb
  Protobuf: 85a48c73d708782e2869564c0438e211aae98e7a
  RCT-Folly: 0dd9e1eb86348ecab5ba76f910b56f4b5fef3c46
  RCTRequired: 564b40c9e3d5f4d766333577782408770a61dae9
  RCTTypeSafety: d5c4035b39ffc8b86c56577457888ea70044cdc6
  React: 743892a7daf1f5d3e1eaa6f0a31dd39d0302dc70
  React-callinvoker: 25fe3c8d05d5b7deaaf0cedde4f683002da3b731
  React-Core: f1bcd788883f37752437e9568ad9b0f257cb7f10
  React-CoreModules: bd62bfb939055c37195cada907c9e6df3ddbe52a
  React-cxxreact: 6d8ac3b0f853f0d5e5de80f5784ddc144a9da23f
  React-jsi: 875bcbe2037c9cae07fbda7dd5827fbca06cbdc6
  React-jsiexecutor: 11ec08ad247abb44113ccb3d2b66f7e856d1cdf4
  React-jsinspector: 2aa5dc1b9a02a81c0dcc70c00f2cbe1cd4b875c4
  react-native-camera: a6055b8538d741b5ac221fa73c866c526010c8c9
  react-native-geolocation: c956aeb136625c23e0dce0467664af2c437888c9
  react-native-geolocation-service: 94c7d2ffdbbf4dd431241e0c8e37d491ebd41430
  react-native-html-to-pdf: 4c5c6e26819fe202971061594058877aa9b25265
  react-native-image-filter-kit: d79137549eb44f8215b7f2be5e77213f605e2c92
  react-native-netinfo: e849fc21ca2f4128a5726c801a82fc6f4a6db50d
  react-native-notification-badge: c33673c5f9334703ba8c3ca599b6ba67a2eed2dc
  react-native-pager-view: 5ab4d0b4b44d89f77310cb3eb8129745f274ce55
  react-native-safe-area-context: 61c8c484a3a9e7d1fda19f7b1794b35bbfd2262a
  react-native-splash-screen: 200d11d188e2e78cea3ad319964f6142b6384865
  react-native-webview: 133a6a5149f963259646e710b4545c67ef35d7c9
  React-perflogger: 494c61caaf9b7da0a0a612fa4ed570ab7ab5819b
  React-RCTActionSheet: 0ea18583618e2451889be1ce1f658ae8cb436b2e
  React-RCTAnimation: 487a44abe7f082afa2997add929765b9c81d4abc
  React-RCTBlob: 8c9a87d13fd9c0f5d25fb016c1f951f705a1aabe
  React-RCTImage: 3c1ac8efb48dd024348827532207fd18f27b4608
  React-RCTLinking: 7114aff83c2e580706c98fe9c7e520c0d72145ea
  React-RCTNetwork: 8e9177062891464e6f088c0c049afae9da997aad
  React-RCTSettings: 72a6b5009677ea953b1a8064a9aed260dc920d31
  React-RCTText: ed7b3a058180d5d8fff193478158b5e6bb680c3a
  React-RCTVibration: ca17687ea259e8b6bbd4ad74f1f6ec87bff845d8
  React-runtimeexecutor: a9a1ac6a60389c3c588fd9b9158a30ed4d8d28a4
  ReactCommon: c11b11a5dc8187826144b7b3d72125c77a1b7b1a
  ReactNativeART: 78edc68dd4a1e675338cd0cd113319cf3a65f2ab
  RNCAsyncStorage: b03032fdbdb725bea0bd9e5ec5a7272865ae7398
  RNCClipboard: 41d8d918092ae8e676f18adada19104fa3e68495
  RNCMaskedView: 0e1bc4bfa8365eba5fbbb71e07fbdc0555249489
  RNCPicker: f7a40b21b915b7a187624d52f52b7bc2f73ea413
  RNDateTimePicker: 7658208086d86d09e1627b5c34ba0cf237c60140
  RNDeviceInfo: cc7de0772378f85d8f36ae439df20f05c590a651
  RNDynamicAppIcon: f7eb12d6c2e6e957eead111dacdb93af318396ac
  RNFastImage: a7384db75df352500261e8e8f1ac2026def26102
  RNFBApp: 729c0666395b1953198dc4a1ec6deb8fbe1c302e
  RNFBAuth: 5990e316547d66b24dda759b2b5a663fcc92c311
  RNFBMessaging: 8415ec196e5c1196caa26ec0742cdb48ed4d0f97
  RNGestureHandler: 920eb17f5b1e15dae6e5ed1904045f8f90e0b11e
  RNGoogleSignin: b2179ba653c759b936404a7746fc5302f9de6a5a
  RNImageCropPicker: ffbba608264885c241cbf3a8f78eb7aeeb978241
  RNKeychain: 4f63aada75ebafd26f4bc2c670199461eab85d94
  RNPermissions: 7043bacbf928eae25808275cfe73799b8f618911
  RNReanimated: 68f77591cdd370eadcb046c376179cc564b17511
  RNScreens: 01ab149b5dd5c27f5ff26741b1d2bdf2cee1af35
  RNSVG: 3dd44d99d1c18e1342aee4bfa53ab3f6a8c4865f
  SDWebImage: 72f86271a6f3139cc7e4a89220946489d4b9a866
  SDWebImageWebPCoder: d0dac55073088d24b2ac1b191a71a8f8d0adac21
  SSZipArchive: 62d4947b08730e4cda640473b0066d209ff033c9
  TOCropViewController: edfd4f25713d56905ad1e0b9f5be3fbe0f59c863
  Yoga: 1561f557b0c2b6047a91f7619f666134e2288916

PODFILE CHECKSUM: ab5ffae2f5da036fa484ed6d80ef2141beeb5959

COCOAPODS: 1.11.3
